
Microsoft Visual Studio Solution File, Format Version 12.00
# Visual Studio Version 16
VisualStudioVersion = 16.0.30204.135
MinimumVisualStudioVersion = 10.0.40219.1
Project("{9A19103F-16F7-4668-BE54-9A1E7A4F7556}") = "SistemaVendas_MVC", "SistemaVendas_MVC\SistemaVendas_MVC.csproj", "{B5291939-4021-4F07-B230-2F2ED00A5A21}"
EndProject
Project("{FAE04EC0-301F-11D3-BF4B-00C04F79EFBC}") = "ProjetoTestes", "ProjetoTestes\ProjetoTestes.csproj", "{EF966919-1877-40D4-84AC-3D0A6277B1A5}"
EndProject
Global
	GlobalSection(SolutionConfigurationPlatforms) = preSolution
		Debug|Any CPU = Debug|Any CPU
		Release|Any CPU = Release|Any CPU
	EndGlobalSection
	GlobalSection(ProjectConfigurationPlatforms) = postSolution
		{B5291939-4021-4F07-B230-2F2ED00A5A21}.Debug|Any CPU.ActiveCfg = Debug|Any CPU
		{B5291939-4021-4F07-B230-2F2ED00A5A21}.Debug|Any CPU.Build.0 = Debug|Any CPU
		{B5291939-4021-4F07-B230-2F2ED00A5A21}.Release|Any CPU.ActiveCfg = Release|Any CPU
		{B5291939-4021-4F07-B230-2F2ED00A5A21}.Release|Any CPU.Build.0 = Release|Any CPU
		{EF966919-1877-40D4-84AC-3D0A6277B1A5}.Debug|Any CPU.ActiveCfg = Debug|Any CPU
		{EF966919-1877-40D4-84AC-3D0A6277B1A5}.Debug|Any CPU.Build.0 = Debug|Any CPU
		{EF966919-1877-40D4-84AC-3D0A6277B1A5}.Release|Any CPU.ActiveCfg = Release|Any CPU
		{EF966919-1877-40D4-84AC-3D0A6277B1A5}.Release|Any CPU.Build.0 = Release|Any CPU
	EndGlobalSection
	GlobalSection(SolutionProperties) = preSolution
		HideSolutionNode = FALSE
	EndGlobalSection
	GlobalSection(ExtensibilityGlobals) = postSolution
		SolutionGuid = {469085A7-A51C-40F0-8B61-3E6D7DB735B0}
	EndGlobalSection
EndGlobal
